
Microsoft Visual Studio Solution File, Format Version 12.00
# Visual Studio Version 16
VisualStudioVersion = 16.0.31729.503
MinimumVisualStudioVersion = 10.0.40219.1
Project("{FAE04EC0-301F-11D3-BF4B-00C04F79EFBC}") = "LogicaAguar", "LogicaAguar\LogicaAguar.csproj", "{353EA0FB-324E-4E6A-8708-1466C60C886F}"
EndProject
Global
	GlobalSection(SolutionConfigurationPlatforms) = preSolution
		Debug|Any CPU = Debug|Any CPU
		Release|Any CPU = Release|Any CPU
	EndGlobalSection
	GlobalSection(ProjectConfigurationPlatforms) = postSolution
		{353EA0FB-324E-4E6A-8708-1466C60C886F}.Debug|Any CPU.ActiveCfg = Debug|Any CPU
		{353EA0FB-324E-4E6A-8708-1466C60C886F}.Debug|Any CPU.Build.0 = Debug|Any CPU
		{353EA0FB-324E-4E6A-8708-1466C60C886F}.Release|Any CPU.ActiveCfg = Release|Any CPU
		{353EA0FB-324E-4E6A-8708-1466C60C886F}.Release|Any CPU.Build.0 = Release|Any CPU
	EndGlobalSection
	GlobalSection(SolutionProperties) = preSolution
		HideSolutionNode = FALSE
	EndGlobalSection
	GlobalSection(ExtensibilityGlobals) = postSolution
		SolutionGuid = {04C182E4-6301-4065-82B1-DBB7048195D6}
	EndGlobalSection
EndGlobal
