
Microsoft Visual Studio Solution File, Format Version 12.00
# Visual Studio Version 16
VisualStudioVersion = 16.0.31729.503
MinimumVisualStudioVersion = 10.0.40219.1
Project("{FAE04EC0-301F-11D3-BF4B-00C04F79EFBC}") = "Aguar.API", "aguar.API\Aguar.API.csproj", "{73FF3592-17FB-4909-A29C-C1FA6AFBFD4B}"
EndProject
Global
	GlobalSection(SolutionConfigurationPlatforms) = preSolution
		Debug|Any CPU = Debug|Any CPU
		Release|Any CPU = Release|Any CPU
	EndGlobalSection
	GlobalSection(ProjectConfigurationPlatforms) = postSolution
		{73FF3592-17FB-4909-A29C-C1FA6AFBFD4B}.Debug|Any CPU.ActiveCfg = Debug|Any CPU
		{73FF3592-17FB-4909-A29C-C1FA6AFBFD4B}.Debug|Any CPU.Build.0 = Debug|Any CPU
		{73FF3592-17FB-4909-A29C-C1FA6AFBFD4B}.Release|Any CPU.ActiveCfg = Release|Any CPU
		{73FF3592-17FB-4909-A29C-C1FA6AFBFD4B}.Release|Any CPU.Build.0 = Release|Any CPU
	EndGlobalSection
	GlobalSection(SolutionProperties) = preSolution
		HideSolutionNode = FALSE
	EndGlobalSection
	GlobalSection(ExtensibilityGlobals) = postSolution
		SolutionGuid = {D34204D4-6258-446B-B8C5-C7EA1CFB25D0}
	EndGlobalSection
EndGlobal
